
Microsoft Visual Studio Solution File, Format Version 12.00
# Visual Studio 15
Project("{FAE04EC0-301F-11D3-BF4B-00C04F79EFBC}") = "TrueFalseQuestions", "TrueFalseQuestions\TrueFalseQuestions.csproj", "{F14DB16B-41E8-42D9-90F7-EBF8E7DFF2ED}"
EndProject
Global
	GlobalSection(SolutionConfigurationPlatforms) = preSolution
		Debug|Any CPU = Debug|Any CPU
		Release|Any CPU = Release|Any CPU
	EndGlobalSection
	GlobalSection(ProjectConfigurationPlatforms) = postSolution
		{F14DB16B-41E8-42D9-90F7-EBF8E7DFF2ED}.Debug|Any CPU.ActiveCfg = Debug|Any CPU
		{F14DB16B-41E8-42D9-90F7-EBF8E7DFF2ED}.Debug|Any CPU.Build.0 = Debug|Any CPU
		{F14DB16B-41E8-42D9-90F7-EBF8E7DFF2ED}.Release|Any CPU.ActiveCfg = Release|Any CPU
		{F14DB16B-41E8-42D9-90F7-EBF8E7DFF2ED}.Release|Any CPU.Build.0 = Release|Any CPU
	EndGlobalSection
EndGlobal
